{
  "name": "solidjs-virtualisation",
  "requires": true,
  "lockfileVersion": 1,
  "dependencies": {
    "solid-icons": {
      "version": "1.0.4",
      "resolved": "https://registry.npmjs.org/solid-icons/-/solid-icons-1.0.4.tgz",
      "integrity": "sha512-gJTp4in3+OYCs9WvDkSLt4Los2unR3Uoder8wjh15GsfP20xiNOLfPTJllXmn+fI8+k3x7bRYtLGIgWd9fUQug=="
    },
    "solidjs-select": {
      "version": "0.4.4",
      "resolved": "https://registry.npmjs.org/solidjs-select/-/solidjs-select-0.4.4.tgz",
      "integrity": "sha512-dlQRBTKYl4EF5uKUKKzktjrSsNcLQAKRBztX4aknbde1lPdWQi1byL2+QTE13+qDxAsLeTcJC+JcHZnp5CJ6lQ==",
      "requires": {
        "solid-icons": "^1.0.4",
        "solidjs-virtualisation": "^0.2.1"
      }
    },
    "solidjs-virtualisation": {
      "version": "0.2.1",
      "resolved": "https://registry.npmjs.org/solidjs-virtualisation/-/solidjs-virtualisation-0.2.1.tgz",
      "integrity": "sha512-511yMAY6ejQM+G6KDK8U360i1ZBSVWOBFBsAeKBC5nLsrQIFX6ThwUO7QFZZFtkxLwUgzdbVe4LWeoC4YOvgLg=="
    }
  }
}
